// !$*UTF8*$!
{
	archiveVersion = 1;
	classes = {
	};
	objectVersion = 46;
	objects = {

/* Begin PBXBuildFile section */
		494104F71B2541AF00FA3594 /* main.m in Sources */ = {isa = PBXBuildFile; fileRef = 494104F61B2541AF00FA3594 /* main.m */; };
		494104FA1B2541AF00FA3594 /* AppDelegate.m in Sources */ = {isa = PBXBuildFile; fileRef = 494104F91B2541AF00FA3594 /* AppDelegate.m */; };
		494105021B2541AF00FA3594 /* Images.xcassets in Resources */ = {isa = PBXBuildFile; fileRef = 494105011B2541AF00FA3594 /* Images.xcassets */; };
		494105051B2541AF00FA3594 /* LaunchScreen.xib in Resources */ = {isa = PBXBuildFile; fileRef = 494105031B2541AF00FA3594 /* LaunchScreen.xib */; };
		494105111B2541AF00FA3594 /* ContactViewerTests.m in Sources */ = {isa = PBXBuildFile; fileRef = 494105101B2541AF00FA3594 /* ContactViewerTests.m */; };
		4941051D1B2541F800FA3594 /* ContactTableViewController.m in Sources */ = {isa = PBXBuildFile; fileRef = 4941051B1B2541F800FA3594 /* ContactTableViewController.m */; };
		4941051E1B2541F800FA3594 /* ContactTableViewController.xib in Resources */ = {isa = PBXBuildFile; fileRef = 4941051C1B2541F800FA3594 /* ContactTableViewController.xib */; };
		494105241B2542FB00FA3594 /* ContactViewController.m in Sources */ = {isa = PBXBuildFile; fileRef = 494105221B2542FB00FA3594 /* ContactViewController.m */; };
		494105251B2542FB00FA3594 /* ContactViewController.xib in Resources */ = {isa = PBXBuildFile; fileRef = 494105231B2542FB00FA3594 /* ContactViewController.xib */; };
		496C47ED1B28F5490032FE1C /* Contact.m in Sources */ = {isa = PBXBuildFile; fileRef = 496C47EC1B28F5490032FE1C /* Contact.m */; };
/* End PBXBuildFile section */

/* Begin PBXContainerItemProxy section */
		4941050B1B2541AF00FA3594 /* PBXContainerItemProxy */ = {
			isa = PBXContainerItemProxy;
			containerPortal = 494104E91B2541AF00FA3594 /* Project object */;
			proxyType = 1;
			remoteGlobalIDString = 494104F01B2541AF00FA3594;
			remoteInfo = ContactViewer;
		};
/* End PBXContainerItemProxy section */

/* Begin PBXFileReference section */
		494104F11B2541AF00FA3594 /* ContactViewer.app */ = {isa = PBXFileReference; explicitFileType = wrapper.application; includeInIndex = 0; path = ContactViewer.app; sourceTree = BUILT_PRODUCTS_DIR; };
		494104F51B2541AF00FA3594 /* Info.plist */ = {isa = PBXFileReference; lastKnownFileType = text.plist.xml; path = Info.plist; sourceTree = "<group>"; };
		494104F61B2541AF00FA3594 /* main.m */ = {isa = PBXFileReference; lastKnownFileType = sourcecode.c.objc; path = main.m; sourceTree = "<group>"; };
		494104F81B2541AF00FA3594 /* AppDelegate.h */ = {isa = PBXFileReference; lastKnownFileType = sourcecode.c.h; path = AppDelegate.h; sourceTree = "<group>"; };
		494104F91B2541AF00FA3594 /* AppDelegate.m */ = {isa = PBXFileReference; lastKnownFileType = sourcecode.c.objc; path = AppDelegate.m; sourceTree = "<group>"; };
		494105011B2541AF00FA3594 /* Images.xcassets */ = {isa = PBXFileReference; lastKnownFileType = folder.assetcatalog; path = Images.xcassets; sourceTree = "<group>"; };
		494105041B2541AF00FA3594 /* Base */ = {isa = PBXFileReference; lastKnownFileType = file.xib; name = Base; path = Base.lproj/LaunchScreen.xib; sourceTree = "<group>"; };
		4941050A1B2541AF00FA3594 /* ContactViewerTests.xctest */ = {isa = PBXFileReference; explicitFileType = wrapper.cfbundle; includeInIndex = 0; path = ContactViewerTests.xctest; sourceTree = BUILT_PRODUCTS_DIR; };
		4941050F1B2541AF00FA3594 /* Info.plist */ = {isa = PBXFileReference; lastKnownFileType = text.plist.xml; path = Info.plist; sourceTree = "<group>"; };
		494105101B2541AF00FA3594 /* ContactViewerTests.m */ = {isa = PBXFileReference; lastKnownFileType = sourcecode.c.objc; path = ContactViewerTests.m; sourceTree = "<group>"; };
		4941051A1B2541F800FA3594 /* ContactTableViewController.h */ = {isa = PBXFileReference; fileEncoding = 4; lastKnownFileType = sourcecode.c.h; path = ContactTableViewController.h; sourceTree = "<group>"; };
		4941051B1B2541F800FA3594 /* ContactTableViewController.m */ = {isa = PBXFileReference; fileEncoding = 4; lastKnownFileType = sourcecode.c.objc; path = ContactTableViewController.m; sourceTree = "<group>"; };
		4941051C1B2541F800FA3594 /* ContactTableViewController.xib */ = {isa = PBXFileReference; fileEncoding = 4; lastKnownFileType = file.xib; path = ContactTableViewController.xib; sourceTree = "<group>"; };
		494105211B2542FB00FA3594 /* ContactViewController.h */ = {isa = PBXFileReference; fileEncoding = 4; lastKnownFileType = sourcecode.c.h; path = ContactViewController.h; sourceTree = "<group>"; };
		494105221B2542FB00FA3594 /* ContactViewController.m */ = {isa = PBXFileReference; fileEncoding = 4; lastKnownFileType = sourcecode.c.objc; path = ContactViewController.m; sourceTree = "<group>"; };
		494105231B2542FB00FA3594 /* ContactViewController.xib */ = {isa = PBXFileReference; fileEncoding = 4; lastKnownFileType = file.xib; path = ContactViewController.xib; sourceTree = "<group>"; };
		496C47EB1B28F5490032FE1C /* Contact.h */ = {isa = PBXFileReference; fileEncoding = 4; lastKnownFileType = sourcecode.c.h; path = Contact.h; sourceTree = "<group>"; };
		496C47EC1B28F5490032FE1C /* Contact.m */ = {isa = PBXFileReference; fileEncoding = 4; lastKnownFileType = sourcecode.c.objc; path = Contact.m; sourceTree = "<group>"; };
/* End PBXFileReference section */

/* Begin PBXFrameworksBuildPhase section */
		494104EE1B2541AF00FA3594 /* Frameworks */ = {
			isa = PBXFrameworksBuildPhase;
			buildActionMask = 2147483647;
			files = (
			);
			runOnlyForDeploymentPostprocessing = 0;
		};
		494105071B2541AF00FA3594 /* Frameworks */ = {
			isa = PBXFrameworksBuildPhase;
			buildActionMask = 2147483647;
			files = (
			);
			runOnlyForDeploymentPostprocessing = 0;
		};
/* End PBXFrameworksBuildPhase section */

/* Begin PBXGroup section */
		494104E81B2541AF00FA3594 = {
			isa = PBXGroup;
			children = (
				494104F31B2541AF00FA3594 /* ContactViewer */,
				4941050D1B2541AF00FA3594 /* ContactViewerTests */,
				494104F21B2541AF00FA3594 /* Products */,
			);
			sourceTree = "<group>";
		};
		494104F21B2541AF00FA3594 /* Products */ = {
			isa = PBXGroup;
			children = (
				494104F11B2541AF00FA3594 /* ContactViewer.app */,
				4941050A1B2541AF00FA3594 /* ContactViewerTests.xctest */,
			);
			name = Products;
			sourceTree = "<group>";
		};
		494104F31B2541AF00FA3594 /* ContactViewer */ = {
			isa = PBXGroup;
			children = (
				494104F81B2541AF00FA3594 /* AppDelegate.h */,
				494104F91B2541AF00FA3594 /* AppDelegate.m */,
				496C47EB1B28F5490032FE1C /* Contact.h */,
				496C47EC1B28F5490032FE1C /* Contact.m */,
				494105201B2542D200FA3594 /* Controllers */,
				494105261B25440600FA3594 /* Models */,
				494105011B2541AF00FA3594 /* Images.xcassets */,
				494105031B2541AF00FA3594 /* LaunchScreen.xib */,
				494104F41B2541AF00FA3594 /* Supporting Files */,
			);
			path = ContactViewer;
			sourceTree = "<group>";
		};
		494104F41B2541AF00FA3594 /* Supporting Files */ = {
			isa = PBXGroup;
			children = (
				494104F51B2541AF00FA3594 /* Info.plist */,
				494104F61B2541AF00FA3594 /* main.m */,
			);
			name = "Supporting Files";
			sourceTree = "<group>";
		};
		4941050D1B2541AF00FA3594 /* ContactViewerTests */ = {
			isa = PBXGroup;
			children = (
				494105101B2541AF00FA3594 /* ContactViewerTests.m */,
				4941050E1B2541AF00FA3594 /* Supporting Files */,
			);
			path = ContactViewerTests;
			sourceTree = "<group>";
		};
		4941050E1B2541AF00FA3594 /* Supporting Files */ = {
			isa = PBXGroup;
			children = (
				4941050F1B2541AF00FA3594 /* Info.plist */,
			);
			name = "Supporting Files";
			sourceTree = "<group>";
		};
		494105201B2542D200FA3594 /* Controllers */ = {
			isa = PBXGroup;
			children = (
				4941051A1B2541F800FA3594 /* ContactTableViewController.h */,
				4941051B1B2541F800FA3594 /* ContactTableViewController.m */,
				4941051C1B2541F800FA3594 /* ContactTableViewController.xib */,
				494105211B2542FB00FA3594 /* ContactViewController.h */,
				494105221B2542FB00FA3594 /* ContactViewController.m */,
				494105231B2542FB00FA3594 /* ContactViewController.xib */,
			);
			name = Controllers;
			sourceTree = "<group>";
		};
		494105261B25440600FA3594 /* Models */ = {
			isa = PBXGroup;
			children = (
			);
			name = Models;
			sourceTree = "<group>";
		};
/* End PBXGroup section */

/* Begin PBXNativeTarget section */
		494104F01B2541AF00FA3594 /* ContactViewer */ = {
			isa = PBXNativeTarget;
			buildConfigurationList = 494105141B2541AF00FA3594 /* Build configuration list for PBXNativeTarget "ContactViewer" */;
			buildPhases = (
				494104ED1B2541AF00FA3594 /* Sources */,
				494104EE1B2541AF00FA3594 /* Frameworks */,
				494104EF1B2541AF00FA3594 /* Resources */,
			);
			buildRules = (
			);
			dependencies = (
			);
			name = ContactViewer;
			productName = ContactViewer;
			productReference = 494104F11B2541AF00FA3594 /* ContactViewer.app */;
			productType = "com.apple.product-type.application";
		};
		494105091B2541AF00FA3594 /* ContactViewerTests */ = {
			isa = PBXNativeTarget;
			buildConfigurationList = 494105171B2541AF00FA3594 /* Build configuration list for PBXNativeTarget "ContactViewerTests" */;
			buildPhases = (
				494105061B2541AF00FA3594 /* Sources */,
				494105071B2541AF00FA3594 /* Frameworks */,
				494105081B2541AF00FA3594 /* Resources */,
			);
			buildRules = (
			);
			dependencies = (
				4941050C1B2541AF00FA3594 /* PBXTargetDependency */,
			);
			name = ContactViewerTests;
			productName = ContactViewerTests;
			productReference = 4941050A1B2541AF00FA3594 /* ContactViewerTests.xctest */;
			productType = "com.apple.product-type.bundle.unit-test";
		};
/* End PBXNativeTarget section */

/* Begin PBXProject section */
		494104E91B2541AF00FA3594 /* Project object */ = {
			isa = PBXProject;
			attributes = {
				LastUpgradeCheck = 0630;
				ORGANIZATIONNAME = "Elliot Schrock";
				TargetAttributes = {
					494104F01B2541AF00FA3594 = {
						CreatedOnToolsVersion = 6.3.1;
					};
					494105091B2541AF00FA3594 = {
						CreatedOnToolsVersion = 6.3.1;
						TestTargetID = 494104F01B2541AF00FA3594;
					};
				};
			};
			buildConfigurationList = 494104EC1B2541AF00FA3594 /* Build configuration list for PBXProject "ContactViewer" */;
			compatibilityVersion = "Xcode 3.2";
			developmentRegion = English;
			hasScannedForEncodings = 0;
			knownRegions = (
				en,
				Base,
			);
			mainGroup = 494104E81B2541AF00FA3594;
			productRefGroup = 494104F21B2541AF00FA3594 /* Products */;
			projectDirPath = "";
			projectRoot = "";
			targets = (
				494104F01B2541AF00FA3594 /* ContactViewer */,
				494105091B2541AF00FA3594 /* ContactViewerTests */,
			);
		};
/* End PBXProject section */

/* Begin PBXResourcesBuildPhase section */
		494104EF1B2541AF00FA3594 /* Resources */ = {
			isa = PBXResourcesBuildPhase;
			buildActionMask = 2147483647;
			files = (
				494105051B2541AF00FA3594 /* LaunchScreen.xib in Resources */,
				494105251B2542FB00FA3594 /* ContactViewController.xib in Resources */,
				4941051E1B2541F800FA3594 /* ContactTableViewController.xib in Resources */,
				494105021B2541AF00FA3594 /* Images.xcassets in Resources */,
			);
			runOnlyForDeploymentPostprocessing = 0;
		};
		494105081B2541AF00FA3594 /* Resources */ = {
			isa = PBXResourcesBuildPhase;
			buildActionMask = 2147483647;
			files = (
			);
			runOnlyForDeploymentPostprocessing = 0;
		};
/* End PBXResourcesBuildPhase section */

/* Begin PBXSourcesBuildPhase section */
		494104ED1B2541AF00FA3594 /* Sources */ = {
			isa = PBXSourcesBuildPhase;
			buildActionMask = 2147483647;
			files = (
				494104FA1B2541AF00FA3594 /* AppDelegate.m in Sources */,
				494105241B2542FB00FA3594 /* ContactViewController.m in Sources */,
				496C47ED1B28F5490032FE1C /* Contact.m in Sources */,
				4941051D1B2541F800FA3594 /* ContactTableViewController.m in Sources */,
				494104F71B2541AF00FA3594 /* main.m in Sources */,
			);
			runOnlyForDeploymentPostprocessing = 0;
		};
		494105061B2541AF00FA3594 /* Sources */ = {
			isa = PBXSourcesBuildPhase;
			buildActionMask = 2147483647;
			files = (
				494105111B2541AF00FA3594 /* ContactViewerTests.m in Sources */,
			);
			runOnlyForDeploymentPostprocessing = 0;
		};
/* End PBXSourcesBuildPhase section */

/* Begin PBXTargetDependency section */
		4941050C1B2541AF00FA3594 /* PBXTargetDependency */ = {
			isa = PBXTargetDependency;
			target = 494104F01B2541AF00FA3594 /* ContactViewer */;
			targetProxy = 4941050B1B2541AF00FA3594 /* PBXContainerItemProxy */;
		};
/* End PBXTargetDependency section */

/* Begin PBXVariantGroup section */
		494105031B2541AF00FA3594 /* LaunchScreen.xib */ = {
			isa = PBXVariantGroup;
			children = (
				494105041B2541AF00FA3594 /* Base */,
			);
			name = LaunchScreen.xib;
			sourceTree = "<group>";
		};
/* End PBXVariantGroup section */

/* Begin XCBuildConfiguration section */
		494105121B2541AF00FA3594 /* Debug */ = {
			isa = XCBuildConfiguration;
			buildSettings = {
				ALWAYS_SEARCH_USER_PATHS = NO;
				CLANG_CXX_LANGUAGE_STANDARD = "gnu++0x";
				CLANG_CXX_LIBRARY = "libc++";
				CLANG_ENABLE_MODULES = YES;
				CLANG_ENABLE_OBJC_ARC = YES;
				CLANG_WARN_BOOL_CONVERSION = YES;
				CLANG_WARN_CONSTANT_CONVERSION = YES;
				CLANG_WARN_DIRECT_OBJC_ISA_USAGE = YES_ERROR;
				CLANG_WARN_EMPTY_BODY = YES;
				CLANG_WARN_ENUM_CONVERSION = YES;
				CLANG_WARN_INT_CONVERSION = YES;
				CLANG_WARN_OBJC_ROOT_CLASS = YES_ERROR;
				CLANG_WARN_UNREACHABLE_CODE = YES;
				CLANG_WARN__DUPLICATE_METHOD_MATCH = YES;
				"CODE_SIGN_IDENTITY[sdk=iphoneos*]" = "iPhone Developer";
				COPY_PHASE_STRIP = NO;
				DEBUG_INFORMATION_FORMAT = "dwarf-with-dsym";
				ENABLE_STRICT_OBJC_MSGSEND = YES;
				GCC_C_LANGUAGE_STANDARD = gnu99;
				GCC_DYNAMIC_NO_PIC = NO;
				GCC_NO_COMMON_BLOCKS = YES;
				GCC_OPTIMIZATION_LEVEL = 0;
				GCC_PREPROCESSOR_DEFINITIONS = (
					"DEBUG=1",
					"$(inherited)",
				);
				GCC_SYMBOLS_PRIVATE_EXTERN = NO;
				GCC_WARN_64_TO_32_BIT_CONVERSION = YES;
				GCC_WARN_ABOUT_RETURN_TYPE = YES_ERROR;
				GCC_WARN_UNDECLARED_SELECTOR = YES;
				GCC_WARN_UNINITIALIZED_AUTOS = YES_AGGRESSIVE;
				GCC_WARN_UNUSED_FUNCTION = YES;
				GCC_WARN_UNUSED_VARIABLE = YES;
				IPHONEOS_DEPLOYMENT_TARGET = 8.3;
				MTL_ENABLE_DEBUG_INFO = YES;
				ONLY_ACTIVE_ARCH = YES;
				SDKROOT = iphoneos;
			};
			name = Debug;
		};
		494105131B2541AF00FA3594 /* Release */ = {
			isa = XCBuildConfiguration;
			buildSettings = {
				ALWAYS_SEARCH_USER_PATHS = NO;
				CLANG_CXX_LANGUAGE_STANDARD = "gnu++0x";
				CLANG_CXX_LIBRARY = "libc++";
				CLANG_ENABLE_MODULES = YES;
				CLANG_ENABLE_OBJC_ARC = YES;
				CLANG_WARN_BOOL_CONVERSION = YES;
				CLANG_WARN_CONSTANT_CONVERSION = YES;
				CLANG_WARN_DIRECT_OBJC_ISA_USAGE = YES_ERROR;
				CLANG_WARN_EMPTY_BODY = YES;
				CLANG_WARN_ENUM_CONVERSION = YES;
				CLANG_WARN_INT_CONVERSION = YES;
				CLANG_WARN_OBJC_ROOT_CLASS = YES_ERROR;
				CLANG_WARN_UNREACHABLE_CODE = YES;
				CLANG_WARN__DUPLICATE_METHOD_MATCH = YES;
				"CODE_SIGN_IDENTITY[sdk=iphoneos*]" = "iPhone Developer";
				COPY_PHASE_STRIP = NO;
				DEBUG_INFORMATION_FORMAT = "dwarf-with-dsym";
				ENABLE_NS_ASSERTIONS = NO;
				ENABLE_STRICT_OBJC_MSGSEND = YES;
				GCC_C_LANGUAGE_STANDARD = gnu99;
				GCC_NO_COMMON_BLOCKS = YES;
				GCC_WARN_64_TO_32_BIT_CONVERSION = YES;
				GCC_WARN_ABOUT_RETURN_TYPE = YES_ERROR;
				GCC_WARN_UNDECLARED_SELECTOR = YES;
				GCC_WARN_UNINITIALIZED_AUTOS = YES_AGGRESSIVE;
				GCC_WARN_UNUSED_FUNCTION = YES;
				GCC_WARN_UNUSED_VARIABLE = YES;
				IPHONEOS_DEPLOYMENT_TARGET = 8.3;
				MTL_ENABLE_DEBUG_INFO = NO;
				SDKROOT = iphoneos;
				VALIDATE_PRODUCT = YES;
			};
			name = Release;
		};
		494105151B2541AF00FA3594 /* Debug */ = {
			isa = XCBuildConfiguration;
			buildSettings = {
				ASSETCATALOG_COMPILER_APPICON_NAME = AppIcon;
				INFOPLIST_FILE = ContactViewer/Info.plist;
				LD_RUNPATH_SEARCH_PATHS = "$(inherited) @executable_path/Frameworks";
				PRODUCT_NAME = "$(TARGET_NAME)";
			};
			name = Debug;
		};
		494105161B2541AF00FA3594 /* Release */ = {
			isa = XCBuildConfiguration;
			buildSettings = {
				ASSETCATALOG_COMPILER_APPICON_NAME = AppIcon;
				INFOPLIST_FILE = ContactViewer/Info.plist;
				LD_RUNPATH_SEARCH_PATHS = "$(inherited) @executable_path/Frameworks";
				PRODUCT_NAME = "$(TARGET_NAME)";
			};
			name = Release;
		};
		494105181B2541AF00FA3594 /* Debug */ = {
			isa = XCBuildConfiguration;
			buildSettings = {
				BUNDLE_LOADER = "$(TEST_HOST)";
				FRAMEWORK_SEARCH_PATHS = (
					"$(SDKROOT)/Developer/Library/Frameworks",
					"$(inherited)",
				);
				GCC_PREPROCESSOR_DEFINITIONS = (
					"DEBUG=1",
					"$(inherited)",
				);
				INFOPLIST_FILE = ContactViewerTests/Info.plist;
				LD_RUNPATH_SEARCH_PATHS = "$(inherited) @executable_path/Frameworks @loader_path/Frameworks";
				PRODUCT_NAME = "$(TARGET_NAME)";
				TEST_HOST = "$(BUILT_PRODUCTS_DIR)/ContactViewer.app/ContactViewer";
			};
			name = Debug;
		};
		494105191B2541AF00FA3594 /* Release */ = {
			isa = XCBuildConfiguration;
			buildSettings = {
				BUNDLE_LOADER = "$(TEST_HOST)";
				FRAMEWORK_SEARCH_PATHS = (
					"$(SDKROOT)/Developer/Library/Frameworks",
					"$(inherited)",
				);
				INFOPLIST_FILE = ContactViewerTests/Info.plist;
				LD_RUNPATH_SEARCH_PATHS = "$(inherited) @executable_path/Frameworks @loader_path/Frameworks";
				PRODUCT_NAME = "$(TARGET_NAME)";
				TEST_HOST = "$(BUILT_PRODUCTS_DIR)/ContactViewer.app/ContactViewer";
			};
			name = Release;
		};
/* End XCBuildConfiguration section */

/* Begin XCConfigurationList section */
		494104EC1B2541AF00FA3594 /* Build configuration list for PBXProject "ContactViewer" */ = {
			isa = XCConfigurationList;
			buildConfigurations = (
				494105121B2541AF00FA3594 /* Debug */,
				494105131B2541AF00FA3594 /* Release */,
			);
			defaultConfigurationIsVisible = 0;
			defaultConfigurationName = Release;
		};
		494105141B2541AF00FA3594 /* Build configuration list for PBXNativeTarget "ContactViewer" */ = {
			isa = XCConfigurationList;
			buildConfigurations = (
				494105151B2541AF00FA3594 /* Debug */,
				494105161B2541AF00FA3594 /* Release */,
			);
			defaultConfigurationIsVisible = 0;
			defaultConfigurationName = Release;
		};
		494105171B2541AF00FA3594 /* Build configuration list for PBXNativeTarget "ContactViewerTests" */ = {
			isa = XCConfigurationList;
			buildConfigurations = (
				494105181B2541AF00FA3594 /* Debug */,
				494105191B2541AF00FA3594 /* Release */,
			);
			defaultConfigurationIsVisible = 0;
			defaultConfigurationName = Release;
		};
/* End XCConfigurationList section */
	};
	rootObject = 494104E91B2541AF00FA3594 /* Project object */;
}
